{
  "name": "planning-poker",
  "version": "1.0.0",
  "lockfileVersion": 3,
  "requires": true,
  "packages": {
    "": {
      "name": "planning-poker",
      "version": "1.0.0",
      "dependencies": {
        "@starfederation/datastar-sdk": "1.0.0-RC.3"
      }
    },
    "node_modules/@starfederation/datastar-sdk": {
      "version": "1.0.0-RC.3",
      "resolved": "https://registry.npmjs.org/@starfederation/datastar-sdk/-/datastar-sdk-1.0.0-RC.3.tgz",
      "integrity": "sha512-ORnV4cvhwWk+oHXos54SFVcA/fhRSzJqM0dN3i3aqGRlJ5WrM7lCGkgWNqw4Lj96QnlPu1+63avDfHQ3bTF3Cw=="
    }
  }
}
